<?xml version="1.0" encoding="utf-8"?>
<Project ToolsVersion="4.0" xmlns="http://schemas.microsoft.com/developer/msbuild/2003">
  <ItemGroup>
    <Filter Include="Source Files">
      <UniqueIdentifier>{4FC737F1-C7A5-4376-A066-2A32D752A2FF}</UniqueIdentifier>
      <Extensions>cpp;c;cc;cxx;def;odl;idl;hpj;bat;asm;asmx</Extensions>
    </Filter>
    <Filter Include="Header Files">
      <UniqueIdentifier>{93995380-89BD-4b04-88EB-625FBE52EBFB}</UniqueIdentifier>
      <Extensions>h;hh;hpp;hxx;hm;inl;inc;ipp;xsd</Extensions>
    </Filter>
    <Filter Include="Resource Files">
      <UniqueIdentifier>{67DA6AB6-F800-4c08-8B7A-83BB121AAD01}</UniqueIdentifier>
      <Extensions>rc;ico;cur;bmp;dlg;rc2;rct;bin;rgs;gif;jpg;jpeg;jpe;resx;tiff;tif;png;wav;mfcribbon-ms</Extensions>
    </Filter>
    <Filter Include="Shaders">
      <UniqueIdentifier>{cfa0ecf6-ba6e-4e11-8ea1-7b5f3ffdbbf9}</UniqueIdentifier>
    </Filter>
    <Filter Include="Images">
      <UniqueIdentifier>{b3eb0081-1c80-4d64-ae77-b83e14c22a7d}</UniqueIdentifier>
    </Filter>
  </ItemGroup>
  <ItemGroup>
    <ClCompile Include="glad.c">
      <Filter>Source Files</Filter>
    </ClCompile>
    <ClCompile Include="main.cpp">
      <Filter>Source Files</Filter>
    </ClCompile>
    <ClCompile Include="Pixels.cpp">
      <Filter>Source Files</Filter>
    </ClCompile>
    <ClCompile Include="Adafruit_DotStar.cpp">
      <Filter>Source Files</Filter>
    </ClCompile>
    <ClCompile Include="Graphics.cpp">
      <Filter>Source Files</Filter>
    </ClCompile>
    <ClCompile Include="MPU6050.cpp">
      <Filter>Source Files</Filter>
    </ClCompile>
    <ClCompile Include="SensorData.cpp">
      <Filter>Source Files</Filter>
    </ClCompile>
    <ClCompile Include="Mpu.cpp">
      <Filter>Source Files</Filter>
    </ClCompile>
  </ItemGroup>
  <ItemGroup>
    <ClInclude Include="Pixels.h">
      <Filter>Header Files</Filter>
    </ClInclude>
    <ClInclude Include="Arduino.h">
      <Filter>Header Files</Filter>
    </ClInclude>
    <ClInclude Include="Vector.h">
      <Filter>Header Files</Filter>
    </ClInclude>
    <ClInclude Include="Adafruit_DotStar.h">
      <Filter>Header Files</Filter>
    </ClInclude>
    <ClInclude Include="Graphics.h">
      <Filter>Header Files</Filter>
    </ClInclude>
    <ClInclude Include="MPU6050.h">
      <Filter>Header Files</Filter>
    </ClInclude>
    <ClInclude Include="Programs.h">
      <Filter>Header Files</Filter>
    </ClInclude>
    <ClInclude Include="SensorData.h">
      <Filter>Header Files</Filter>
    </ClInclude>
    <ClInclude Include="Shader.h">
      <Filter>Header Files</Filter>
    </ClInclude>
    <ClInclude Include="FrameBuffer.h">
      <Filter>Header Files</Filter>
    </ClInclude>
    <ClInclude Include="HallSensor.h">
      <Filter>Header Files</Filter>
    </ClInclude>
    <ClInclude Include="Timers.h">
      <Filter>Header Files</Filter>
    </ClInclude>
    <ClInclude Include="Font.h">
      <Filter>Header Files</Filter>
    </ClInclude>
    <ClInclude Include="Mpu.h">
      <Filter>Header Files</Filter>
    </ClInclude>
    <ClInclude Include="Bmp.h">
      <Filter>Images</Filter>
    </ClInclude>
    <ClInclude Include="Image.h">
      <Filter>Images</Filter>
    </ClInclude>
    <ClInclude Include="Image_6BitColor.h">
      <Filter>Images</Filter>
    </ClInclude>
    <ClInclude Include="Image_Pixels.h">
      <Filter>Images</Filter>
    </ClInclude>
    <ClInclude Include="Image_IndexedColor.h">
      <Filter>Images</Filter>
    </ClInclude>
    <ClInclude Include="Image_Grayscale.h">
      <Filter>Images</Filter>
    </ClInclude>
  </ItemGroup>
  <ItemGroup>
    <None Include="output.csv" />
    <None Include="leds.vs">
      <Filter>Shaders</Filter>
    </None>
    <None Include="leds.fs">
      <Filter>Shaders</Filter>
    </None>
    <None Include="screen.fs">
      <Filter>Shaders</Filter>
    </None>
    <None Include="screen.vs">
      <Filter>Shaders</Filter>
    </None>
  </ItemGroup>
</Project>